
Microsoft Visual Studio Solution File, Format Version 12.00
# Visual Studio Version 17
VisualStudioVersion = 17.0.31903.59
MinimumVisualStudioVersion = 10.0.40219.1
Project("{9A19103F-16F7-4668-BE54-9A1E7A4F7556}") = "CI_Platform", "CI_Platform\CI_Platform.csproj", "{F7988A19-45B1-4AE8-94D1-37FB4E1DFDD6}"
EndProject
Global
	GlobalSection(SolutionConfigurationPlatforms) = preSolution
		Debug|Any CPU = Debug|Any CPU
		Release|Any CPU = Release|Any CPU
	EndGlobalSection
	GlobalSection(ProjectConfigurationPlatforms) = postSolution
		{F7988A19-45B1-4AE8-94D1-37FB4E1DFDD6}.Debug|Any CPU.ActiveCfg = Debug|Any CPU
		{F7988A19-45B1-4AE8-94D1-37FB4E1DFDD6}.Debug|Any CPU.Build.0 = Debug|Any CPU
		{F7988A19-45B1-4AE8-94D1-37FB4E1DFDD6}.Release|Any CPU.ActiveCfg = Release|Any CPU
		{F7988A19-45B1-4AE8-94D1-37FB4E1DFDD6}.Release|Any CPU.Build.0 = Release|Any CPU
	EndGlobalSection
	GlobalSection(SolutionProperties) = preSolution
		HideSolutionNode = FALSE
	EndGlobalSection
	GlobalSection(ExtensibilityGlobals) = postSolution
		SolutionGuid = {6BAFEC6F-662D-43CE-B72B-140DE196D12D}
	EndGlobalSection
EndGlobal
